
Microsoft Visual Studio Solution File, Format Version 12.00
# Visual Studio 15
VisualStudioVersion = 15.0.27428.2037
MinimumVisualStudioVersion = 10.0.40219.1
Project("{FAE04EC0-301F-11D3-BF4B-00C04F79EFBC}") = "Client", "Chat_0.7\Client.csproj", "{0CD7C270-E8E8-4ADE-B669-D76AD19C9584}"
EndProject
Project("{FAE04EC0-301F-11D3-BF4B-00C04F79EFBC}") = "Server", "Server\Server.csproj", "{B463EE14-F6F9-4612-95B9-8A57CCC23580}"
EndProject
Project("{FAE04EC0-301F-11D3-BF4B-00C04F79EFBC}") = "ChattingInterfaces", "ChattingInterfeices\ChattingInterfaces.csproj", "{ECC48F77-086B-43F7-A4AC-EA2FD0E6675B}"
EndProject
Global
	GlobalSection(SolutionConfigurationPlatforms) = preSolution
		Debug|Any CPU = Debug|Any CPU
		Release|Any CPU = Release|Any CPU
	EndGlobalSection
	GlobalSection(ProjectConfigurationPlatforms) = postSolution
		{0CD7C270-E8E8-4ADE-B669-D76AD19C9584}.Debug|Any CPU.ActiveCfg = Debug|Any CPU
		{0CD7C270-E8E8-4ADE-B669-D76AD19C9584}.Debug|Any CPU.Build.0 = Debug|Any CPU
		{0CD7C270-E8E8-4ADE-B669-D76AD19C9584}.Release|Any CPU.ActiveCfg = Release|Any CPU
		{0CD7C270-E8E8-4ADE-B669-D76AD19C9584}.Release|Any CPU.Build.0 = Release|Any CPU
		{B463EE14-F6F9-4612-95B9-8A57CCC23580}.Debug|Any CPU.ActiveCfg = Debug|Any CPU
		{B463EE14-F6F9-4612-95B9-8A57CCC23580}.Debug|Any CPU.Build.0 = Debug|Any CPU
		{B463EE14-F6F9-4612-95B9-8A57CCC23580}.Release|Any CPU.ActiveCfg = Release|Any CPU
		{B463EE14-F6F9-4612-95B9-8A57CCC23580}.Release|Any CPU.Build.0 = Release|Any CPU
		{ECC48F77-086B-43F7-A4AC-EA2FD0E6675B}.Debug|Any CPU.ActiveCfg = Debug|Any CPU
		{ECC48F77-086B-43F7-A4AC-EA2FD0E6675B}.Debug|Any CPU.Build.0 = Debug|Any CPU
		{ECC48F77-086B-43F7-A4AC-EA2FD0E6675B}.Release|Any CPU.ActiveCfg = Release|Any CPU
		{ECC48F77-086B-43F7-A4AC-EA2FD0E6675B}.Release|Any CPU.Build.0 = Release|Any CPU
	EndGlobalSection
	GlobalSection(SolutionProperties) = preSolution
		HideSolutionNode = FALSE
	EndGlobalSection
	GlobalSection(ExtensibilityGlobals) = postSolution
		SolutionGuid = {FCEAA9EC-EA91-4738-9A69-FD3153A69A36}
	EndGlobalSection
EndGlobal
